
Microsoft Visual Studio Solution File, Format Version 12.00
# Visual Studio Version 17
VisualStudioVersion = 17.4.33213.308
MinimumVisualStudioVersion = 10.0.40219.1
Project("{FAE04EC0-301F-11D3-BF4B-00C04F79EFBC}") = "G7FlappyBird", "G7FlappyBird\G7FlappyBird.csproj", "{7F8E3FE0-81E7-482C-A784-02CC20079206}"
EndProject
Global
	GlobalSection(SolutionConfigurationPlatforms) = preSolution
		Debug|Any CPU = Debug|Any CPU
		Release|Any CPU = Release|Any CPU
	EndGlobalSection
	GlobalSection(ProjectConfigurationPlatforms) = postSolution
		{7F8E3FE0-81E7-482C-A784-02CC20079206}.Debug|Any CPU.ActiveCfg = Debug|Any CPU
		{7F8E3FE0-81E7-482C-A784-02CC20079206}.Debug|Any CPU.Build.0 = Debug|Any CPU
		{7F8E3FE0-81E7-482C-A784-02CC20079206}.Release|Any CPU.ActiveCfg = Release|Any CPU
		{7F8E3FE0-81E7-482C-A784-02CC20079206}.Release|Any CPU.Build.0 = Release|Any CPU
	EndGlobalSection
	GlobalSection(SolutionProperties) = preSolution
		HideSolutionNode = FALSE
	EndGlobalSection
	GlobalSection(ExtensibilityGlobals) = postSolution
		SolutionGuid = {A882D5A8-57C7-40B3-92B6-01A4EE8BC978}
	EndGlobalSection
EndGlobal
